
Microsoft Visual Studio Solution File, Format Version 12.00
# Visual Studio Version 16
VisualStudioVersion = 16.0.30503.244
MinimumVisualStudioVersion = 10.0.40219.1
Project("{FAE04EC0-301F-11D3-BF4B-00C04F79EFBC}") = "TestGenerator", "TestGenerator.csproj", "{35BAB5CE-B0FE-4B4B-BEFF-CD2B892FCC0D}"
EndProject
Project("{FAE04EC0-301F-11D3-BF4B-00C04F79EFBC}") = "TestGeneratorConsole", "..\TestGeneratorConsole\TestGeneratorConsole.csproj", "{AAA46B26-2C4C-4A81-86B6-1CA05B6DAA0F}"
EndProject
Global
	GlobalSection(SolutionConfigurationPlatforms) = preSolution
		Debug|Any CPU = Debug|Any CPU
		Release|Any CPU = Release|Any CPU
	EndGlobalSection
	GlobalSection(ProjectConfigurationPlatforms) = postSolution
		{35BAB5CE-B0FE-4B4B-BEFF-CD2B892FCC0D}.Debug|Any CPU.ActiveCfg = Debug|Any CPU
		{35BAB5CE-B0FE-4B4B-BEFF-CD2B892FCC0D}.Debug|Any CPU.Build.0 = Debug|Any CPU
		{35BAB5CE-B0FE-4B4B-BEFF-CD2B892FCC0D}.Release|Any CPU.ActiveCfg = Release|Any CPU
		{35BAB5CE-B0FE-4B4B-BEFF-CD2B892FCC0D}.Release|Any CPU.Build.0 = Release|Any CPU
		{AAA46B26-2C4C-4A81-86B6-1CA05B6DAA0F}.Debug|Any CPU.ActiveCfg = Debug|Any CPU
		{AAA46B26-2C4C-4A81-86B6-1CA05B6DAA0F}.Debug|Any CPU.Build.0 = Debug|Any CPU
		{AAA46B26-2C4C-4A81-86B6-1CA05B6DAA0F}.Release|Any CPU.ActiveCfg = Release|Any CPU
		{AAA46B26-2C4C-4A81-86B6-1CA05B6DAA0F}.Release|Any CPU.Build.0 = Release|Any CPU
	EndGlobalSection
	GlobalSection(SolutionProperties) = preSolution
		HideSolutionNode = FALSE
	EndGlobalSection
	GlobalSection(ExtensibilityGlobals) = postSolution
		SolutionGuid = {085CCE9B-1F22-442A-875F-96F16608CF8B}
	EndGlobalSection
EndGlobal
